
Microsoft Visual Studio Solution File, Format Version 11.00
# Visual Studio 2010
# SharpDevelop 4.3
Project("{FAE04EC0-301F-11D3-BF4B-00C04F79EFBC}") = "FSharpFormsDesigner", "FSharpFormsDesigner\FSharpFormsDesigner.csproj", "{AC8FE097-5299-4F7E-A0A3-CC244F7E6891}"
EndProject
Global
	GlobalSection(SolutionConfigurationPlatforms) = preSolution
		Debug|Any CPU = Debug|Any CPU
		Release|Any CPU = Release|Any CPU
	EndGlobalSection
	GlobalSection(ProjectConfigurationPlatforms) = postSolution
		{AC8FE097-5299-4F7E-A0A3-CC244F7E6891}.Debug|Any CPU.Build.0 = Debug|Any CPU
		{AC8FE097-5299-4F7E-A0A3-CC244F7E6891}.Debug|Any CPU.ActiveCfg = Debug|Any CPU
		{AC8FE097-5299-4F7E-A0A3-CC244F7E6891}.Release|Any CPU.Build.0 = Release|Any CPU
		{AC8FE097-5299-4F7E-A0A3-CC244F7E6891}.Release|Any CPU.ActiveCfg = Release|Any CPU
	EndGlobalSection
EndGlobal
